
Microsoft Visual Studio Solution File, Format Version 12.00
# Visual Studio Version 17
VisualStudioVersion = 17.13.35913.81 d17.13
MinimumVisualStudioVersion = 10.0.40219.1
Project("{FAE04EC0-301F-11D3-BF4B-00C04F79EFBC}") = "ECommerce.Api", "ECommerce.Api\ECommerce.Api.csproj", "{308EEBCC-0170-4A53-BA33-1A99321F276D}"
EndProject
Global
	GlobalSection(SolutionConfigurationPlatforms) = preSolution
		Debug|Any CPU = Debug|Any CPU
		Release|Any CPU = Release|Any CPU
	EndGlobalSection
	GlobalSection(ProjectConfigurationPlatforms) = postSolution
		{308EEBCC-0170-4A53-BA33-1A99321F276D}.Debug|Any CPU.ActiveCfg = Debug|Any CPU
		{308EEBCC-0170-4A53-BA33-1A99321F276D}.Debug|Any CPU.Build.0 = Debug|Any CPU
		{308EEBCC-0170-4A53-BA33-1A99321F276D}.Release|Any CPU.ActiveCfg = Release|Any CPU
		{308EEBCC-0170-4A53-BA33-1A99321F276D}.Release|Any CPU.Build.0 = Release|Any CPU
	EndGlobalSection
	GlobalSection(SolutionProperties) = preSolution
		HideSolutionNode = FALSE
	EndGlobalSection
	GlobalSection(ExtensibilityGlobals) = postSolution
		SolutionGuid = {AB1CEA86-DD27-4A57-BFE9-9845469A1CE2}
	EndGlobalSection
EndGlobal
