
Microsoft Visual Studio Solution File, Format Version 12.00
# Visual Studio Version 17
VisualStudioVersion = 17.13.35913.81
MinimumVisualStudioVersion = 10.0.40219.1
Project("{FAE04EC0-301F-11D3-BF4B-00C04F79EFBC}") = "ECommerce.Api", "ECommerce.Api\ECommerce.Api.csproj", "{308EEBCC-0170-4A53-BA33-1A99321F276D}"
EndProject
Project("{FAE04EC0-301F-11D3-BF4B-00C04F79EFBC}") = "Shared", "Shared\Shared.csproj", "{5A5CDD2D-159F-492F-BBDF-477E7F13F61A}"
EndProject
Project("{2150E333-8FDC-42A3-9474-1A3956D46DE8}") = "Core", "Core", "{02EA681E-C7D8-13C7-8484-4AC65E1B71E8}"
EndProject
Project("{FAE04EC0-301F-11D3-BF4B-00C04F79EFBC}") = "DomainLayer", "Core\DomainLayer\DomainLayer.csproj", "{22E32BE7-2966-4F02-9405-07B827FD0235}"
EndProject
Project("{2150E333-8FDC-42A3-9474-1A3956D46DE8}") = "Infrastructure", "Infrastructure", "{81286AC9-B704-4F38-9129-3E43045F247D}"
EndProject
Project("{FAE04EC0-301F-11D3-BF4B-00C04F79EFBC}") = "Service", "Core\Service\Service.csproj", "{F712F299-8853-46B0-AB6D-3EC2E05A52C6}"
EndProject
Project("{FAE04EC0-301F-11D3-BF4B-00C04F79EFBC}") = "ServiceAbstractions", "Core\ServiceAbstractions\ServiceAbstractions.csproj", "{D2811A9F-D6AE-4E89-ADC8-CA3EDDA79EB7}"
EndProject
Project("{FAE04EC0-301F-11D3-BF4B-00C04F79EFBC}") = "Presentation", "Infrastrcture\Presentation\Presentation.csproj", "{11D5F7EE-FD14-47E4-821A-FCCF94A4410A}"
EndProject
Project("{FAE04EC0-301F-11D3-BF4B-00C04F79EFBC}") = "Persistence", "Infrastrcture\Persistence\Persistence.csproj", "{A91A6732-4922-4C3F-8EA9-D3ECB69ECD9D}"
EndProject
Project("{2150E333-8FDC-42A3-9474-1A3956D46DE8}") = "UI", "UI", "{5D5DB793-B517-46FA-84C7-50F011CBAF64}"
EndProject
Project("{FAE04EC0-301F-11D3-BF4B-00C04F79EFBC}") = "Ecommerce.AdminDashboard", "UI\Ecommerce.AdmiDashboard\Ecommerce.AdminDashboard.csproj", "{5890D0A3-4E17-4291-B34E-A98A87ECADC2}"
EndProject
Global
	GlobalSection(SolutionConfigurationPlatforms) = preSolution
		Debug|Any CPU = Debug|Any CPU
		Release|Any CPU = Release|Any CPU
	EndGlobalSection
	GlobalSection(ProjectConfigurationPlatforms) = postSolution
		{308EEBCC-0170-4A53-BA33-1A99321F276D}.Debug|Any CPU.ActiveCfg = Debug|Any CPU
		{308EEBCC-0170-4A53-BA33-1A99321F276D}.Debug|Any CPU.Build.0 = Debug|Any CPU
		{308EEBCC-0170-4A53-BA33-1A99321F276D}.Release|Any CPU.ActiveCfg = Release|Any CPU
		{308EEBCC-0170-4A53-BA33-1A99321F276D}.Release|Any CPU.Build.0 = Release|Any CPU
		{5A5CDD2D-159F-492F-BBDF-477E7F13F61A}.Debug|Any CPU.ActiveCfg = Debug|Any CPU
		{5A5CDD2D-159F-492F-BBDF-477E7F13F61A}.Debug|Any CPU.Build.0 = Debug|Any CPU
		{5A5CDD2D-159F-492F-BBDF-477E7F13F61A}.Release|Any CPU.ActiveCfg = Release|Any CPU
		{5A5CDD2D-159F-492F-BBDF-477E7F13F61A}.Release|Any CPU.Build.0 = Release|Any CPU
		{22E32BE7-2966-4F02-9405-07B827FD0235}.Debug|Any CPU.ActiveCfg = Debug|Any CPU
		{22E32BE7-2966-4F02-9405-07B827FD0235}.Debug|Any CPU.Build.0 = Debug|Any CPU
		{22E32BE7-2966-4F02-9405-07B827FD0235}.Release|Any CPU.ActiveCfg = Release|Any CPU
		{22E32BE7-2966-4F02-9405-07B827FD0235}.Release|Any CPU.Build.0 = Release|Any CPU
		{F712F299-8853-46B0-AB6D-3EC2E05A52C6}.Debug|Any CPU.ActiveCfg = Debug|Any CPU
		{F712F299-8853-46B0-AB6D-3EC2E05A52C6}.Debug|Any CPU.Build.0 = Debug|Any CPU
		{F712F299-8853-46B0-AB6D-3EC2E05A52C6}.Release|Any CPU.ActiveCfg = Release|Any CPU
		{F712F299-8853-46B0-AB6D-3EC2E05A52C6}.Release|Any CPU.Build.0 = Release|Any CPU
		{D2811A9F-D6AE-4E89-ADC8-CA3EDDA79EB7}.Debug|Any CPU.ActiveCfg = Debug|Any CPU
		{D2811A9F-D6AE-4E89-ADC8-CA3EDDA79EB7}.Debug|Any CPU.Build.0 = Debug|Any CPU
		{D2811A9F-D6AE-4E89-ADC8-CA3EDDA79EB7}.Release|Any CPU.ActiveCfg = Release|Any CPU
		{D2811A9F-D6AE-4E89-ADC8-CA3EDDA79EB7}.Release|Any CPU.Build.0 = Release|Any CPU
		{11D5F7EE-FD14-47E4-821A-FCCF94A4410A}.Debug|Any CPU.ActiveCfg = Debug|Any CPU
		{11D5F7EE-FD14-47E4-821A-FCCF94A4410A}.Debug|Any CPU.Build.0 = Debug|Any CPU
		{11D5F7EE-FD14-47E4-821A-FCCF94A4410A}.Release|Any CPU.ActiveCfg = Release|Any CPU
		{11D5F7EE-FD14-47E4-821A-FCCF94A4410A}.Release|Any CPU.Build.0 = Release|Any CPU
		{A91A6732-4922-4C3F-8EA9-D3ECB69ECD9D}.Debug|Any CPU.ActiveCfg = Debug|Any CPU
		{A91A6732-4922-4C3F-8EA9-D3ECB69ECD9D}.Debug|Any CPU.Build.0 = Debug|Any CPU
		{A91A6732-4922-4C3F-8EA9-D3ECB69ECD9D}.Release|Any CPU.ActiveCfg = Release|Any CPU
		{A91A6732-4922-4C3F-8EA9-D3ECB69ECD9D}.Release|Any CPU.Build.0 = Release|Any CPU
		{5890D0A3-4E17-4291-B34E-A98A87ECADC2}.Debug|Any CPU.ActiveCfg = Debug|Any CPU
		{5890D0A3-4E17-4291-B34E-A98A87ECADC2}.Debug|Any CPU.Build.0 = Debug|Any CPU
		{5890D0A3-4E17-4291-B34E-A98A87ECADC2}.Release|Any CPU.ActiveCfg = Release|Any CPU
		{5890D0A3-4E17-4291-B34E-A98A87ECADC2}.Release|Any CPU.Build.0 = Release|Any CPU
	EndGlobalSection
	GlobalSection(SolutionProperties) = preSolution
		HideSolutionNode = FALSE
	EndGlobalSection
	GlobalSection(NestedProjects) = preSolution
		{22E32BE7-2966-4F02-9405-07B827FD0235} = {02EA681E-C7D8-13C7-8484-4AC65E1B71E8}
		{F712F299-8853-46B0-AB6D-3EC2E05A52C6} = {02EA681E-C7D8-13C7-8484-4AC65E1B71E8}
		{D2811A9F-D6AE-4E89-ADC8-CA3EDDA79EB7} = {02EA681E-C7D8-13C7-8484-4AC65E1B71E8}
		{11D5F7EE-FD14-47E4-821A-FCCF94A4410A} = {81286AC9-B704-4F38-9129-3E43045F247D}
		{A91A6732-4922-4C3F-8EA9-D3ECB69ECD9D} = {81286AC9-B704-4F38-9129-3E43045F247D}
		{5890D0A3-4E17-4291-B34E-A98A87ECADC2} = {5D5DB793-B517-46FA-84C7-50F011CBAF64}
	EndGlobalSection
	GlobalSection(ExtensibilityGlobals) = postSolution
		SolutionGuid = {AB1CEA86-DD27-4A57-BFE9-9845469A1CE2}
	EndGlobalSection
EndGlobal
